// !$*UTF8*$!
{
	archiveVersion = 1;
	classes = {
	};
	objectVersion = 46;
	objects = {

/* Begin PBXBuildFile section */
		84A04BFE1BD833890021187B /* main.m in Sources */ = {isa = PBXBuildFile; fileRef = 84A04BFD1BD833890021187B /* main.m */; };
		84A04C011BD833890021187B /* AppDelegate.m in Sources */ = {isa = PBXBuildFile; fileRef = 84A04C001BD833890021187B /* AppDelegate.m */; };
		84A04C071BD833890021187B /* Main.storyboard in Resources */ = {isa = PBXBuildFile; fileRef = 84A04C051BD833890021187B /* Main.storyboard */; };
		84A04C091BD833890021187B /* Images.xcassets in Resources */ = {isa = PBXBuildFile; fileRef = 84A04C081BD833890021187B /* Images.xcassets */; };
		84A04C0C1BD833890021187B /* LaunchScreen.xib in Resources */ = {isa = PBXBuildFile; fileRef = 84A04C0A1BD833890021187B /* LaunchScreen.xib */; };
		84A04C181BD833890021187B /* AutoLayout_NSLayoutConstraintsTests.m in Sources */ = {isa = PBXBuildFile; fileRef = 84A04C171BD833890021187B /* AutoLayout_NSLayoutConstraintsTests.m */; };
		84A04C241BD834C30021187B /* ViewController.m in Sources */ = {isa = PBXBuildFile; fileRef = 84A04C231BD834C30021187B /* ViewController.m */; };
		84A04C271BD834D30021187B /* Data.txt in Resources */ = {isa = PBXBuildFile; fileRef = 84A04C261BD834D30021187B /* Data.txt */; };
/* End PBXBuildFile section */

/* Begin PBXContainerItemProxy section */
		84A04C121BD833890021187B /* PBXContainerItemProxy */ = {
			isa = PBXContainerItemProxy;
			containerPortal = 84A04BF01BD833890021187B /* Project object */;
			proxyType = 1;
			remoteGlobalIDString = 84A04BF71BD833890021187B;
			remoteInfo = "AutoLayout-NSLayoutConstraints";
		};
/* End PBXContainerItemProxy section */

/* Begin PBXFileReference section */
		84A04BF81BD833890021187B /* AutoLayout-NSLayoutConstraints.app */ = {isa = PBXFileReference; explicitFileType = wrapper.application; includeInIndex = 0; path = "AutoLayout-NSLayoutConstraints.app"; sourceTree = BUILT_PRODUCTS_DIR; };
		84A04BFC1BD833890021187B /* Info.plist */ = {isa = PBXFileReference; lastKnownFileType = text.plist.xml; path = Info.plist; sourceTree = "<group>"; };
		84A04BFD1BD833890021187B /* main.m */ = {isa = PBXFileReference; lastKnownFileType = sourcecode.c.objc; path = main.m; sourceTree = "<group>"; };
		84A04BFF1BD833890021187B /* AppDelegate.h */ = {isa = PBXFileReference; lastKnownFileType = sourcecode.c.h; path = AppDelegate.h; sourceTree = "<group>"; };
		84A04C001BD833890021187B /* AppDelegate.m */ = {isa = PBXFileReference; lastKnownFileType = sourcecode.c.objc; path = AppDelegate.m; sourceTree = "<group>"; };
		84A04C061BD833890021187B /* Base */ = {isa = PBXFileReference; lastKnownFileType = file.storyboard; name = Base; path = Base.lproj/Main.storyboard; sourceTree = "<group>"; };
		84A04C081BD833890021187B /* Images.xcassets */ = {isa = PBXFileReference; lastKnownFileType = folder.assetcatalog; path = Images.xcassets; sourceTree = "<group>"; };
		84A04C0B1BD833890021187B /* Base */ = {isa = PBXFileReference; lastKnownFileType = file.xib; name = Base; path = Base.lproj/LaunchScreen.xib; sourceTree = "<group>"; };
		84A04C111BD833890021187B /* AutoLayout-NSLayoutConstraintsTests.xctest */ = {isa = PBXFileReference; explicitFileType = wrapper.cfbundle; includeInIndex = 0; path = "AutoLayout-NSLayoutConstraintsTests.xctest"; sourceTree = BUILT_PRODUCTS_DIR; };
		84A04C161BD833890021187B /* Info.plist */ = {isa = PBXFileReference; lastKnownFileType = text.plist.xml; path = Info.plist; sourceTree = "<group>"; };
		84A04C171BD833890021187B /* AutoLayout_NSLayoutConstraintsTests.m */ = {isa = PBXFileReference; lastKnownFileType = sourcecode.c.objc; path = AutoLayout_NSLayoutConstraintsTests.m; sourceTree = "<group>"; };
		84A04C221BD834C30021187B /* ViewController.h */ = {isa = PBXFileReference; fileEncoding = 4; lastKnownFileType = sourcecode.c.h; path = ViewController.h; sourceTree = "<group>"; };
		84A04C231BD834C30021187B /* ViewController.m */ = {isa = PBXFileReference; fileEncoding = 4; lastKnownFileType = sourcecode.c.objc; path = ViewController.m; sourceTree = "<group>"; };
		84A04C261BD834D30021187B /* Data.txt */ = {isa = PBXFileReference; fileEncoding = 4; lastKnownFileType = text; path = Data.txt; sourceTree = "<group>"; };
/* End PBXFileReference section */

/* Begin PBXFrameworksBuildPhase section */
		84A04BF51BD833890021187B /* Frameworks */ = {
			isa = PBXFrameworksBuildPhase;
			buildActionMask = 2147483647;
			files = (
			);
			runOnlyForDeploymentPostprocessing = 0;
		};
		84A04C0E1BD833890021187B /* Frameworks */ = {
			isa = PBXFrameworksBuildPhase;
			buildActionMask = 2147483647;
			files = (
			);
			runOnlyForDeploymentPostprocessing = 0;
		};
/* End PBXFrameworksBuildPhase section */

/* Begin PBXGroup section */
		84A04BEF1BD833880021187B = {
			isa = PBXGroup;
			children = (
				84A04BFA1BD833890021187B /* AutoLayout-NSLayoutConstraints */,
				84A04C141BD833890021187B /* AutoLayout-NSLayoutConstraintsTests */,
				84A04BF91BD833890021187B /* Products */,
			);
			sourceTree = "<group>";
		};
		84A04BF91BD833890021187B /* Products */ = {
			isa = PBXGroup;
			children = (
				84A04BF81BD833890021187B /* AutoLayout-NSLayoutConstraints.app */,
				84A04C111BD833890021187B /* AutoLayout-NSLayoutConstraintsTests.xctest */,
			);
			name = Products;
			sourceTree = "<group>";
		};
		84A04BFA1BD833890021187B /* AutoLayout-NSLayoutConstraints */ = {
			isa = PBXGroup;
			children = (
				84A04C281BD834E00021187B /* View */,
				84A04C251BD834D30021187B /* Model */,
				84A04C211BD834C30021187B /* Controller */,
				84A04BFF1BD833890021187B /* AppDelegate.h */,
				84A04C001BD833890021187B /* AppDelegate.m */,
				84A04C081BD833890021187B /* Images.xcassets */,
				84A04C0A1BD833890021187B /* LaunchScreen.xib */,
				84A04BFB1BD833890021187B /* Supporting Files */,
			);
			path = "AutoLayout-NSLayoutConstraints";
			sourceTree = "<group>";
		};
		84A04BFB1BD833890021187B /* Supporting Files */ = {
			isa = PBXGroup;
			children = (
				84A04BFC1BD833890021187B /* Info.plist */,
				84A04BFD1BD833890021187B /* main.m */,
			);
			name = "Supporting Files";
			sourceTree = "<group>";
		};
		84A04C141BD833890021187B /* AutoLayout-NSLayoutConstraintsTests */ = {
			isa = PBXGroup;
			children = (
				84A04C171BD833890021187B /* AutoLayout_NSLayoutConstraintsTests.m */,
				84A04C151BD833890021187B /* Supporting Files */,
			);
			path = "AutoLayout-NSLayoutConstraintsTests";
			sourceTree = "<group>";
		};
		84A04C151BD833890021187B /* Supporting Files */ = {
			isa = PBXGroup;
			children = (
				84A04C161BD833890021187B /* Info.plist */,
			);
			name = "Supporting Files";
			sourceTree = "<group>";
		};
		84A04C211BD834C30021187B /* Controller */ = {
			isa = PBXGroup;
			children = (
				84A04C221BD834C30021187B /* ViewController.h */,
				84A04C231BD834C30021187B /* ViewController.m */,
			);
			name = Controller;
			path = Classes/Controller;
			sourceTree = "<group>";
		};
		84A04C251BD834D30021187B /* Model */ = {
			isa = PBXGroup;
			children = (
				84A04C261BD834D30021187B /* Data.txt */,
			);
			name = Model;
			path = Classes/Model;
			sourceTree = "<group>";
		};
		84A04C281BD834E00021187B /* View */ = {
			isa = PBXGroup;
			children = (
				84A04C051BD833890021187B /* Main.storyboard */,
			);
			name = View;
			path = Classes/View;
			sourceTree = "<group>";
		};
/* End PBXGroup section */

/* Begin PBXNativeTarget section */
		84A04BF71BD833890021187B /* AutoLayout-NSLayoutConstraints */ = {
			isa = PBXNativeTarget;
			buildConfigurationList = 84A04C1B1BD833890021187B /* Build configuration list for PBXNativeTarget "AutoLayout-NSLayoutConstraints" */;
			buildPhases = (
				84A04BF41BD833890021187B /* Sources */,
				84A04BF51BD833890021187B /* Frameworks */,
				84A04BF61BD833890021187B /* Resources */,
			);
			buildRules = (
			);
			dependencies = (
			);
			name = "AutoLayout-NSLayoutConstraints";
			productName = "AutoLayout-NSLayoutConstraints";
			productReference = 84A04BF81BD833890021187B /* AutoLayout-NSLayoutConstraints.app */;
			productType = "com.apple.product-type.application";
		};
		84A04C101BD833890021187B /* AutoLayout-NSLayoutConstraintsTests */ = {
			isa = PBXNativeTarget;
			buildConfigurationList = 84A04C1E1BD833890021187B /* Build configuration list for PBXNativeTarget "AutoLayout-NSLayoutConstraintsTests" */;
			buildPhases = (
				84A04C0D1BD833890021187B /* Sources */,
				84A04C0E1BD833890021187B /* Frameworks */,
				84A04C0F1BD833890021187B /* Resources */,
			);
			buildRules = (
			);
			dependencies = (
				84A04C131BD833890021187B /* PBXTargetDependency */,
			);
			name = "AutoLayout-NSLayoutConstraintsTests";
			productName = "AutoLayout-NSLayoutConstraintsTests";
			productReference = 84A04C111BD833890021187B /* AutoLayout-NSLayoutConstraintsTests.xctest */;
			productType = "com.apple.product-type.bundle.unit-test";
		};
/* End PBXNativeTarget section */

/* Begin PBXProject section */
		84A04BF01BD833890021187B /* Project object */ = {
			isa = PBXProject;
			attributes = {
				LastUpgradeCheck = 0610;
				ORGANIZATIONNAME = OlhaF;
				TargetAttributes = {
					84A04BF71BD833890021187B = {
						CreatedOnToolsVersion = 6.1.1;
					};
					84A04C101BD833890021187B = {
						CreatedOnToolsVersion = 6.1.1;
						TestTargetID = 84A04BF71BD833890021187B;
					};
				};
			};
			buildConfigurationList = 84A04BF31BD833890021187B /* Build configuration list for PBXProject "AutoLayout-NSLayoutConstraints" */;
			compatibilityVersion = "Xcode 3.2";
			developmentRegion = English;
			hasScannedForEncodings = 0;
			knownRegions = (
				en,
				Base,
			);
			mainGroup = 84A04BEF1BD833880021187B;
			productRefGroup = 84A04BF91BD833890021187B /* Products */;
			projectDirPath = "";
			projectRoot = "";
			targets = (
				84A04BF71BD833890021187B /* AutoLayout-NSLayoutConstraints */,
				84A04C101BD833890021187B /* AutoLayout-NSLayoutConstraintsTests */,
			);
		};
/* End PBXProject section */

/* Begin PBXResourcesBuildPhase section */
		84A04BF61BD833890021187B /* Resources */ = {
			isa = PBXResourcesBuildPhase;
			buildActionMask = 2147483647;
			files = (
				84A04C271BD834D30021187B /* Data.txt in Resources */,
				84A04C071BD833890021187B /* Main.storyboard in Resources */,
				84A04C0C1BD833890021187B /* LaunchScreen.xib in Resources */,
				84A04C091BD833890021187B /* Images.xcassets in Resources */,
			);
			runOnlyForDeploymentPostprocessing = 0;
		};
		84A04C0F1BD833890021187B /* Resources */ = {
			isa = PBXResourcesBuildPhase;
			buildActionMask = 2147483647;
			files = (
			);
			runOnlyForDeploymentPostprocessing = 0;
		};
/* End PBXResourcesBuildPhase section */

/* Begin PBXSourcesBuildPhase section */
		84A04BF41BD833890021187B /* Sources */ = {
			isa = PBXSourcesBuildPhase;
			buildActionMask = 2147483647;
			files = (
				84A04C241BD834C30021187B /* ViewController.m in Sources */,
				84A04C011BD833890021187B /* AppDelegate.m in Sources */,
				84A04BFE1BD833890021187B /* main.m in Sources */,
			);
			runOnlyForDeploymentPostprocessing = 0;
		};
		84A04C0D1BD833890021187B /* Sources */ = {
			isa = PBXSourcesBuildPhase;
			buildActionMask = 2147483647;
			files = (
				84A04C181BD833890021187B /* AutoLayout_NSLayoutConstraintsTests.m in Sources */,
			);
			runOnlyForDeploymentPostprocessing = 0;
		};
/* End PBXSourcesBuildPhase section */

/* Begin PBXTargetDependency section */
		84A04C131BD833890021187B /* PBXTargetDependency */ = {
			isa = PBXTargetDependency;
			target = 84A04BF71BD833890021187B /* AutoLayout-NSLayoutConstraints */;
			targetProxy = 84A04C121BD833890021187B /* PBXContainerItemProxy */;
		};
/* End PBXTargetDependency section */

/* Begin PBXVariantGroup section */
		84A04C051BD833890021187B /* Main.storyboard */ = {
			isa = PBXVariantGroup;
			children = (
				84A04C061BD833890021187B /* Base */,
			);
			name = Main.storyboard;
			path = ../..;
			sourceTree = "<group>";
		};
		84A04C0A1BD833890021187B /* LaunchScreen.xib */ = {
			isa = PBXVariantGroup;
			children = (
				84A04C0B1BD833890021187B /* Base */,
			);
			name = LaunchScreen.xib;
			sourceTree = "<group>";
		};
/* End PBXVariantGroup section */

/* Begin XCBuildConfiguration section */
		84A04C191BD833890021187B /* Debug */ = {
			isa = XCBuildConfiguration;
			buildSettings = {
				ALWAYS_SEARCH_USER_PATHS = NO;
				CLANG_CXX_LANGUAGE_STANDARD = "gnu++0x";
				CLANG_CXX_LIBRARY = "libc++";
				CLANG_ENABLE_MODULES = YES;
				CLANG_ENABLE_OBJC_ARC = YES;
				CLANG_WARN_BOOL_CONVERSION = YES;
				CLANG_WARN_CONSTANT_CONVERSION = YES;
				CLANG_WARN_DIRECT_OBJC_ISA_USAGE = YES_ERROR;
				CLANG_WARN_EMPTY_BODY = YES;
				CLANG_WARN_ENUM_CONVERSION = YES;
				CLANG_WARN_INT_CONVERSION = YES;
				CLANG_WARN_OBJC_ROOT_CLASS = YES_ERROR;
				CLANG_WARN_UNREACHABLE_CODE = YES;
				CLANG_WARN__DUPLICATE_METHOD_MATCH = YES;
				"CODE_SIGN_IDENTITY[sdk=iphoneos*]" = "iPhone Developer";
				COPY_PHASE_STRIP = NO;
				ENABLE_STRICT_OBJC_MSGSEND = YES;
				GCC_C_LANGUAGE_STANDARD = gnu99;
				GCC_DYNAMIC_NO_PIC = NO;
				GCC_OPTIMIZATION_LEVEL = 0;
				GCC_PREPROCESSOR_DEFINITIONS = (
					"DEBUG=1",
					"$(inherited)",
				);
				GCC_SYMBOLS_PRIVATE_EXTERN = NO;
				GCC_WARN_64_TO_32_BIT_CONVERSION = YES;
				GCC_WARN_ABOUT_RETURN_TYPE = YES_ERROR;
				GCC_WARN_UNDECLARED_SELECTOR = YES;
				GCC_WARN_UNINITIALIZED_AUTOS = YES_AGGRESSIVE;
				GCC_WARN_UNUSED_FUNCTION = YES;
				GCC_WARN_UNUSED_VARIABLE = YES;
				IPHONEOS_DEPLOYMENT_TARGET = 8.1;
				MTL_ENABLE_DEBUG_INFO = YES;
				ONLY_ACTIVE_ARCH = YES;
				SDKROOT = iphoneos;
				TARGETED_DEVICE_FAMILY = "1,2";
			};
			name = Debug;
		};
		84A04C1A1BD833890021187B /* Release */ = {
			isa = XCBuildConfiguration;
			buildSettings = {
				ALWAYS_SEARCH_USER_PATHS = NO;
				CLANG_CXX_LANGUAGE_STANDARD = "gnu++0x";
				CLANG_CXX_LIBRARY = "libc++";
				CLANG_ENABLE_MODULES = YES;
				CLANG_ENABLE_OBJC_ARC = YES;
				CLANG_WARN_BOOL_CONVERSION = YES;
				CLANG_WARN_CONSTANT_CONVERSION = YES;
				CLANG_WARN_DIRECT_OBJC_ISA_USAGE = YES_ERROR;
				CLANG_WARN_EMPTY_BODY = YES;
				CLANG_WARN_ENUM_CONVERSION = YES;
				CLANG_WARN_INT_CONVERSION = YES;
				CLANG_WARN_OBJC_ROOT_CLASS = YES_ERROR;
				CLANG_WARN_UNREACHABLE_CODE = YES;
				CLANG_WARN__DUPLICATE_METHOD_MATCH = YES;
				"CODE_SIGN_IDENTITY[sdk=iphoneos*]" = "iPhone Developer";
				COPY_PHASE_STRIP = YES;
				ENABLE_NS_ASSERTIONS = NO;
				ENABLE_STRICT_OBJC_MSGSEND = YES;
				GCC_C_LANGUAGE_STANDARD = gnu99;
				GCC_WARN_64_TO_32_BIT_CONVERSION = YES;
				GCC_WARN_ABOUT_RETURN_TYPE = YES_ERROR;
				GCC_WARN_UNDECLARED_SELECTOR = YES;
				GCC_WARN_UNINITIALIZED_AUTOS = YES_AGGRESSIVE;
				GCC_WARN_UNUSED_FUNCTION = YES;
				GCC_WARN_UNUSED_VARIABLE = YES;
				IPHONEOS_DEPLOYMENT_TARGET = 8.1;
				MTL_ENABLE_DEBUG_INFO = NO;
				SDKROOT = iphoneos;
				TARGETED_DEVICE_FAMILY = "1,2";
				VALIDATE_PRODUCT = YES;
			};
			name = Release;
		};
		84A04C1C1BD833890021187B /* Debug */ = {
			isa = XCBuildConfiguration;
			buildSettings = {
				ASSETCATALOG_COMPILER_APPICON_NAME = AppIcon;
				INFOPLIST_FILE = "AutoLayout-NSLayoutConstraints/Info.plist";
				LD_RUNPATH_SEARCH_PATHS = "$(inherited) @executable_path/Frameworks";
				PRODUCT_NAME = "$(TARGET_NAME)";
				TARGETED_DEVICE_FAMILY = 1;
			};
			name = Debug;
		};
		84A04C1D1BD833890021187B /* Release */ = {
			isa = XCBuildConfiguration;
			buildSettings = {
				ASSETCATALOG_COMPILER_APPICON_NAME = AppIcon;
				INFOPLIST_FILE = "AutoLayout-NSLayoutConstraints/Info.plist";
				LD_RUNPATH_SEARCH_PATHS = "$(inherited) @executable_path/Frameworks";
				PRODUCT_NAME = "$(TARGET_NAME)";
				TARGETED_DEVICE_FAMILY = 1;
			};
			name = Release;
		};
		84A04C1F1BD833890021187B /* Debug */ = {
			isa = XCBuildConfiguration;
			buildSettings = {
				BUNDLE_LOADER = "$(TEST_HOST)";
				FRAMEWORK_SEARCH_PATHS = (
					"$(SDKROOT)/Developer/Library/Frameworks",
					"$(inherited)",
				);
				GCC_PREPROCESSOR_DEFINITIONS = (
					"DEBUG=1",
					"$(inherited)",
				);
				INFOPLIST_FILE = "AutoLayout-NSLayoutConstraintsTests/Info.plist";
				LD_RUNPATH_SEARCH_PATHS = "$(inherited) @executable_path/Frameworks @loader_path/Frameworks";
				PRODUCT_NAME = "$(TARGET_NAME)";
				TEST_HOST = "$(BUILT_PRODUCTS_DIR)/AutoLayout-NSLayoutConstraints.app/AutoLayout-NSLayoutConstraints";
			};
			name = Debug;
		};
		84A04C201BD833890021187B /* Release */ = {
			isa = XCBuildConfiguration;
			buildSettings = {
				BUNDLE_LOADER = "$(TEST_HOST)";
				FRAMEWORK_SEARCH_PATHS = (
					"$(SDKROOT)/Developer/Library/Frameworks",
					"$(inherited)",
				);
				INFOPLIST_FILE = "AutoLayout-NSLayoutConstraintsTests/Info.plist";
				LD_RUNPATH_SEARCH_PATHS = "$(inherited) @executable_path/Frameworks @loader_path/Frameworks";
				PRODUCT_NAME = "$(TARGET_NAME)";
				TEST_HOST = "$(BUILT_PRODUCTS_DIR)/AutoLayout-NSLayoutConstraints.app/AutoLayout-NSLayoutConstraints";
			};
			name = Release;
		};
/* End XCBuildConfiguration section */

/* Begin XCConfigurationList section */
		84A04BF31BD833890021187B /* Build configuration list for PBXProject "AutoLayout-NSLayoutConstraints" */ = {
			isa = XCConfigurationList;
			buildConfigurations = (
				84A04C191BD833890021187B /* Debug */,
				84A04C1A1BD833890021187B /* Release */,
			);
			defaultConfigurationIsVisible = 0;
			defaultConfigurationName = Release;
		};
		84A04C1B1BD833890021187B /* Build configuration list for PBXNativeTarget "AutoLayout-NSLayoutConstraints" */ = {
			isa = XCConfigurationList;
			buildConfigurations = (
				84A04C1C1BD833890021187B /* Debug */,
				84A04C1D1BD833890021187B /* Release */,
			);
			defaultConfigurationIsVisible = 0;
			defaultConfigurationName = Release;
		};
		84A04C1E1BD833890021187B /* Build configuration list for PBXNativeTarget "AutoLayout-NSLayoutConstraintsTests" */ = {
			isa = XCConfigurationList;
			buildConfigurations = (
				84A04C1F1BD833890021187B /* Debug */,
				84A04C201BD833890021187B /* Release */,
			);
			defaultConfigurationIsVisible = 0;
			defaultConfigurationName = Release;
		};
/* End XCConfigurationList section */
	};
	rootObject = 84A04BF01BD833890021187B /* Project object */;
}
